
Microsoft Visual Studio Solution File, Format Version 12.00
# Visual Studio Version 17
VisualStudioVersion = 17.7.34221.43
MinimumVisualStudioVersion = 10.0.40219.1
Project("{FAE04EC0-301F-11D3-BF4B-00C04F79EFBC}") = "cs408projectServer2", "cs408projectServer2\cs408projectServer2.csproj", "{9CE30043-1A32-4B16-966B-2F6C9B28E7C0}"
EndProject
Global
	GlobalSection(SolutionConfigurationPlatforms) = preSolution
		Debug|Any CPU = Debug|Any CPU
		Release|Any CPU = Release|Any CPU
	EndGlobalSection
	GlobalSection(ProjectConfigurationPlatforms) = postSolution
		{9CE30043-1A32-4B16-966B-2F6C9B28E7C0}.Debug|Any CPU.ActiveCfg = Debug|Any CPU
		{9CE30043-1A32-4B16-966B-2F6C9B28E7C0}.Debug|Any CPU.Build.0 = Debug|Any CPU
		{9CE30043-1A32-4B16-966B-2F6C9B28E7C0}.Release|Any CPU.ActiveCfg = Release|Any CPU
		{9CE30043-1A32-4B16-966B-2F6C9B28E7C0}.Release|Any CPU.Build.0 = Release|Any CPU
	EndGlobalSection
	GlobalSection(SolutionProperties) = preSolution
		HideSolutionNode = FALSE
	EndGlobalSection
	GlobalSection(ExtensibilityGlobals) = postSolution
		SolutionGuid = {4D9A878F-272B-4BE2-ABCD-1B0D493F426E}
	EndGlobalSection
EndGlobal
